
Microsoft Visual Studio Solution File, Format Version 12.00
# Visual Studio Version 17
VisualStudioVersion = 17.2.32516.85
MinimumVisualStudioVersion = 10.0.40219.1
Project("{FAE04EC0-301F-11D3-BF4B-00C04F79EFBC}") = "FizzBuzz", "FizzBuzz\FizzBuzz.csproj", "{4A04950D-A63E-44F6-BED2-FDF03A4AF6F3}"
EndProject
Global
	GlobalSection(SolutionConfigurationPlatforms) = preSolution
		Debug|Any CPU = Debug|Any CPU
		Release|Any CPU = Release|Any CPU
	EndGlobalSection
	GlobalSection(ProjectConfigurationPlatforms) = postSolution
		{4A04950D-A63E-44F6-BED2-FDF03A4AF6F3}.Debug|Any CPU.ActiveCfg = Debug|Any CPU
		{4A04950D-A63E-44F6-BED2-FDF03A4AF6F3}.Debug|Any CPU.Build.0 = Debug|Any CPU
		{4A04950D-A63E-44F6-BED2-FDF03A4AF6F3}.Release|Any CPU.ActiveCfg = Release|Any CPU
		{4A04950D-A63E-44F6-BED2-FDF03A4AF6F3}.Release|Any CPU.Build.0 = Release|Any CPU
	EndGlobalSection
	GlobalSection(SolutionProperties) = preSolution
		HideSolutionNode = FALSE
	EndGlobalSection
	GlobalSection(ExtensibilityGlobals) = postSolution
		SolutionGuid = {49C19FE1-35AC-4550-A720-0C337D627CCE}
	EndGlobalSection
EndGlobal
